
Microsoft Visual Studio Solution File, Format Version 12.00
# Visual Studio 15
VisualStudioVersion = 15.0.27130.2027
MinimumVisualStudioVersion = 10.0.40219.1
Project("{FAE04EC0-301F-11D3-BF4B-00C04F79EFBC}") = "MutiWindows", "MutiWindows\MutiWindows.csproj", "{FF88F167-998B-4C55-94B2-AB04F417D4D4}"
EndProject
Project("{2150E333-8FDC-42A3-9474-1A3956D46DE8}") = "Solution Items", "Solution Items", "{C83E0BDE-6883-4781-AC72-9035DB346F90}"
	ProjectSection(SolutionItems) = preProject
		README.md = README.md
	EndProjectSection
EndProject
Global
	GlobalSection(SolutionConfigurationPlatforms) = preSolution
		Debug|Any CPU = Debug|Any CPU
		Release|Any CPU = Release|Any CPU
	EndGlobalSection
	GlobalSection(ProjectConfigurationPlatforms) = postSolution
		{FF88F167-998B-4C55-94B2-AB04F417D4D4}.Debug|Any CPU.ActiveCfg = Debug|Any CPU
		{FF88F167-998B-4C55-94B2-AB04F417D4D4}.Debug|Any CPU.Build.0 = Debug|Any CPU
		{FF88F167-998B-4C55-94B2-AB04F417D4D4}.Release|Any CPU.ActiveCfg = Release|Any CPU
		{FF88F167-998B-4C55-94B2-AB04F417D4D4}.Release|Any CPU.Build.0 = Release|Any CPU
	EndGlobalSection
	GlobalSection(SolutionProperties) = preSolution
		HideSolutionNode = FALSE
	EndGlobalSection
	GlobalSection(ExtensibilityGlobals) = postSolution
		SolutionGuid = {10892BD1-4890-49B6-8120-8E9622E044C4}
	EndGlobalSection
EndGlobal
